
Microsoft Visual Studio Solution File, Format Version 12.00
# Visual Studio Version 17
VisualStudioVersion = 17.5.002.0
MinimumVisualStudioVersion = 10.0.40219.1
Project("{9A19103F-16F7-4668-BE54-9A1E7A4F7556}") = "007", "007.csproj", "{6B761B5C-9B76-46D7-BAF6-DF99160516CA}"
EndProject
Global
	GlobalSection(SolutionConfigurationPlatforms) = preSolution
		Debug|Any CPU = Debug|Any CPU
		Release|Any CPU = Release|Any CPU
	EndGlobalSection
	GlobalSection(ProjectConfigurationPlatforms) = postSolution
		{6B761B5C-9B76-46D7-BAF6-DF99160516CA}.Debug|Any CPU.ActiveCfg = Debug|Any CPU
		{6B761B5C-9B76-46D7-BAF6-DF99160516CA}.Debug|Any CPU.Build.0 = Debug|Any CPU
		{6B761B5C-9B76-46D7-BAF6-DF99160516CA}.Release|Any CPU.ActiveCfg = Release|Any CPU
		{6B761B5C-9B76-46D7-BAF6-DF99160516CA}.Release|Any CPU.Build.0 = Release|Any CPU
	EndGlobalSection
	GlobalSection(SolutionProperties) = preSolution
		HideSolutionNode = FALSE
	EndGlobalSection
	GlobalSection(ExtensibilityGlobals) = postSolution
		SolutionGuid = {A8DBE91E-5D1F-4E02-BB4A-5387EB707439}
	EndGlobalSection
EndGlobal
