
Microsoft Visual Studio Solution File, Format Version 12.00
# Visual Studio Version 17
VisualStudioVersion = 17.5.002.0
MinimumVisualStudioVersion = 10.0.40219.1
Project("{9A19103F-16F7-4668-BE54-9A1E7A4F7556}") = "exp", "exp.csproj", "{BDFBD3AA-1E17-484E-B354-83D6876A585E}"
EndProject
Global
	GlobalSection(SolutionConfigurationPlatforms) = preSolution
		Debug|Any CPU = Debug|Any CPU
		Release|Any CPU = Release|Any CPU
	EndGlobalSection
	GlobalSection(ProjectConfigurationPlatforms) = postSolution
		{BDFBD3AA-1E17-484E-B354-83D6876A585E}.Debug|Any CPU.ActiveCfg = Debug|Any CPU
		{BDFBD3AA-1E17-484E-B354-83D6876A585E}.Debug|Any CPU.Build.0 = Debug|Any CPU
		{BDFBD3AA-1E17-484E-B354-83D6876A585E}.Release|Any CPU.ActiveCfg = Release|Any CPU
		{BDFBD3AA-1E17-484E-B354-83D6876A585E}.Release|Any CPU.Build.0 = Release|Any CPU
	EndGlobalSection
	GlobalSection(SolutionProperties) = preSolution
		HideSolutionNode = FALSE
	EndGlobalSection
	GlobalSection(ExtensibilityGlobals) = postSolution
		SolutionGuid = {7E2C14F8-179D-4333-9706-56DCB24EFC9F}
	EndGlobalSection
EndGlobal
