
Microsoft Visual Studio Solution File, Format Version 12.00
# Visual Studio Version 17
VisualStudioVersion = 17.5.002.0
MinimumVisualStudioVersion = 10.0.40219.1
Project("{9A19103F-16F7-4668-BE54-9A1E7A4F7556}") = "004", "004.csproj", "{D622D644-5790-45F1-9227-CE15D9DC6F0B}"
EndProject
Global
	GlobalSection(SolutionConfigurationPlatforms) = preSolution
		Debug|Any CPU = Debug|Any CPU
		Release|Any CPU = Release|Any CPU
	EndGlobalSection
	GlobalSection(ProjectConfigurationPlatforms) = postSolution
		{D622D644-5790-45F1-9227-CE15D9DC6F0B}.Debug|Any CPU.ActiveCfg = Debug|Any CPU
		{D622D644-5790-45F1-9227-CE15D9DC6F0B}.Debug|Any CPU.Build.0 = Debug|Any CPU
		{D622D644-5790-45F1-9227-CE15D9DC6F0B}.Release|Any CPU.ActiveCfg = Release|Any CPU
		{D622D644-5790-45F1-9227-CE15D9DC6F0B}.Release|Any CPU.Build.0 = Release|Any CPU
	EndGlobalSection
	GlobalSection(SolutionProperties) = preSolution
		HideSolutionNode = FALSE
	EndGlobalSection
	GlobalSection(ExtensibilityGlobals) = postSolution
		SolutionGuid = {93FF89F8-E4F4-4BD6-A709-EEE5A42543DC}
	EndGlobalSection
EndGlobal
