
Microsoft Visual Studio Solution File, Format Version 12.00
# Visual Studio Version 17
VisualStudioVersion = 17.5.002.0
MinimumVisualStudioVersion = 10.0.40219.1
Project("{9A19103F-16F7-4668-BE54-9A1E7A4F7556}") = "program000a zakladni kod", "program000a zakladni kod.csproj", "{91FB8629-7A25-416E-BAF8-0D15855EFB5B}"
EndProject
Global
	GlobalSection(SolutionConfigurationPlatforms) = preSolution
		Debug|Any CPU = Debug|Any CPU
		Release|Any CPU = Release|Any CPU
	EndGlobalSection
	GlobalSection(ProjectConfigurationPlatforms) = postSolution
		{91FB8629-7A25-416E-BAF8-0D15855EFB5B}.Debug|Any CPU.ActiveCfg = Debug|Any CPU
		{91FB8629-7A25-416E-BAF8-0D15855EFB5B}.Debug|Any CPU.Build.0 = Debug|Any CPU
		{91FB8629-7A25-416E-BAF8-0D15855EFB5B}.Release|Any CPU.ActiveCfg = Release|Any CPU
		{91FB8629-7A25-416E-BAF8-0D15855EFB5B}.Release|Any CPU.Build.0 = Release|Any CPU
	EndGlobalSection
	GlobalSection(SolutionProperties) = preSolution
		HideSolutionNode = FALSE
	EndGlobalSection
	GlobalSection(ExtensibilityGlobals) = postSolution
		SolutionGuid = {03C2917C-4000-494D-A829-1E68EF1FDA9D}
	EndGlobalSection
EndGlobal
